
Microsoft Visual Studio Solution File, Format Version 12.00
# Visual Studio 15
VisualStudioVersion = 15.0.26606.0
MinimumVisualStudioVersion = 10.0.40219.1
Project("{FAE04EC0-301F-11D3-BF4B-00C04F79EFBC}") = "Hackathon", "Hackathon.csproj", "{53B1215A-BB69-483B-8EB7-C27745603046}"
EndProject
Project("{FAE04EC0-301F-11D3-BF4B-00C04F79EFBC}") = "Sample", "..\Sample\Sample.csproj", "{1E2944BE-0BD4-450A-9BE5-1F78CB969ACD}"
EndProject
Global
	GlobalSection(SolutionConfigurationPlatforms) = preSolution
		Debug|Any CPU = Debug|Any CPU
		Release|Any CPU = Release|Any CPU
	EndGlobalSection
	GlobalSection(ProjectConfigurationPlatforms) = postSolution
		{53B1215A-BB69-483B-8EB7-C27745603046}.Debug|Any CPU.ActiveCfg = Debug|Any CPU
		{53B1215A-BB69-483B-8EB7-C27745603046}.Debug|Any CPU.Build.0 = Debug|Any CPU
		{53B1215A-BB69-483B-8EB7-C27745603046}.Release|Any CPU.ActiveCfg = Release|Any CPU
		{53B1215A-BB69-483B-8EB7-C27745603046}.Release|Any CPU.Build.0 = Release|Any CPU
		{1E2944BE-0BD4-450A-9BE5-1F78CB969ACD}.Debug|Any CPU.ActiveCfg = Debug|Any CPU
		{1E2944BE-0BD4-450A-9BE5-1F78CB969ACD}.Debug|Any CPU.Build.0 = Debug|Any CPU
		{1E2944BE-0BD4-450A-9BE5-1F78CB969ACD}.Release|Any CPU.ActiveCfg = Release|Any CPU
		{1E2944BE-0BD4-450A-9BE5-1F78CB969ACD}.Release|Any CPU.Build.0 = Release|Any CPU
	EndGlobalSection
	GlobalSection(SolutionProperties) = preSolution
		HideSolutionNode = FALSE
	EndGlobalSection
EndGlobal
